// !$*UTF8*$!
{
	archiveVersion = 1;
	classes = {
	};
	objectVersion = 50;
	objects = {

/* Begin PBXBuildFile section */
		A19CDC0F264D01000047BB1A /* AppDelegate.swift in Sources */ = {isa = PBXBuildFile; fileRef = A19CDC0E264D01000047BB1A /* AppDelegate.swift */; };
		A19CDC11264D01000047BB1A /* SceneDelegate.swift in Sources */ = {isa = PBXBuildFile; fileRef = A19CDC10264D01000047BB1A /* SceneDelegate.swift */; };
		A19CDC13264D01000047BB1A /* ViewController.swift in Sources */ = {isa = PBXBuildFile; fileRef = A19CDC12264D01000047BB1A /* ViewController.swift */; };
		A19CDC16264D01000047BB1A /* Main.storyboard in Resources */ = {isa = PBXBuildFile; fileRef = A19CDC14264D01000047BB1A /* Main.storyboard */; };
		A19CDC18264D01010047BB1A /* Assets.xcassets in Resources */ = {isa = PBXBuildFile; fileRef = A19CDC17264D01010047BB1A /* Assets.xcassets */; };
		A19CDC1B264D01010047BB1A /* LaunchScreen.storyboard in Resources */ = {isa = PBXBuildFile; fileRef = A19CDC19264D01010047BB1A /* LaunchScreen.storyboard */; };
		A1DB9CD72650FFE7007E8C27 /* AnimalInfromationViewController.swift in Sources */ = {isa = PBXBuildFile; fileRef = A1DB9CD62650FFE7007E8C27 /* AnimalInfromationViewController.swift */; };
		A1DB9CDE26510438007E8C27 /* MapViewController.swift in Sources */ = {isa = PBXBuildFile; fileRef = A1DB9CDD26510438007E8C27 /* MapViewController.swift */; };
		A1DB9CE526514B12007E8C27 /* Animal.swift in Sources */ = {isa = PBXBuildFile; fileRef = A1DB9CE426514B12007E8C27 /* Animal.swift */; };
		A1F40C622654DDD800C9C91C /* FindController.swift in Sources */ = {isa = PBXBuildFile; fileRef = A1F40C612654DDD800C9C91C /* FindController.swift */; };
/* End PBXBuildFile section */

/* Begin PBXFileReference section */
		A19CDC0B264D01000047BB1A /* AnimalCompanionService.app */ = {isa = PBXFileReference; explicitFileType = wrapper.application; includeInIndex = 0; path = AnimalCompanionService.app; sourceTree = BUILT_PRODUCTS_DIR; };
		A19CDC0E264D01000047BB1A /* AppDelegate.swift */ = {isa = PBXFileReference; lastKnownFileType = sourcecode.swift; path = AppDelegate.swift; sourceTree = "<group>"; };
		A19CDC10264D01000047BB1A /* SceneDelegate.swift */ = {isa = PBXFileReference; lastKnownFileType = sourcecode.swift; path = SceneDelegate.swift; sourceTree = "<group>"; };
		A19CDC12264D01000047BB1A /* ViewController.swift */ = {isa = PBXFileReference; lastKnownFileType = sourcecode.swift; path = ViewController.swift; sourceTree = "<group>"; };
		A19CDC15264D01000047BB1A /* Base */ = {isa = PBXFileReference; lastKnownFileType = file.storyboard; name = Base; path = Base.lproj/Main.storyboard; sourceTree = "<group>"; };
		A19CDC17264D01010047BB1A /* Assets.xcassets */ = {isa = PBXFileReference; lastKnownFileType = folder.assetcatalog; path = Assets.xcassets; sourceTree = "<group>"; };
		A19CDC1A264D01010047BB1A /* Base */ = {isa = PBXFileReference; lastKnownFileType = file.storyboard; name = Base; path = Base.lproj/LaunchScreen.storyboard; sourceTree = "<group>"; };
		A19CDC1C264D01010047BB1A /* Info.plist */ = {isa = PBXFileReference; lastKnownFileType = text.plist.xml; path = Info.plist; sourceTree = "<group>"; };
		A1DB9CD62650FFE7007E8C27 /* AnimalInfromationViewController.swift */ = {isa = PBXFileReference; lastKnownFileType = sourcecode.swift; path = AnimalInfromationViewController.swift; sourceTree = "<group>"; };
		A1DB9CDD26510438007E8C27 /* MapViewController.swift */ = {isa = PBXFileReference; lastKnownFileType = sourcecode.swift; path = MapViewController.swift; sourceTree = "<group>"; };
		A1DB9CE426514B12007E8C27 /* Animal.swift */ = {isa = PBXFileReference; lastKnownFileType = sourcecode.swift; path = Animal.swift; sourceTree = "<group>"; };
		A1F40C612654DDD800C9C91C /* FindController.swift */ = {isa = PBXFileReference; lastKnownFileType = sourcecode.swift; path = FindController.swift; sourceTree = "<group>"; };
/* End PBXFileReference section */

/* Begin PBXFrameworksBuildPhase section */
		A19CDC08264D01000047BB1A /* Frameworks */ = {
			isa = PBXFrameworksBuildPhase;
			buildActionMask = 2147483647;
			files = (
			);
			runOnlyForDeploymentPostprocessing = 0;
		};
/* End PBXFrameworksBuildPhase section */

/* Begin PBXGroup section */
		A19CDC02264D01000047BB1A = {
			isa = PBXGroup;
			children = (
				A19CDC0D264D01000047BB1A /* AnimalCompanionService */,
				A19CDC0C264D01000047BB1A /* Products */,
			);
			sourceTree = "<group>";
		};
		A19CDC0C264D01000047BB1A /* Products */ = {
			isa = PBXGroup;
			children = (
				A19CDC0B264D01000047BB1A /* AnimalCompanionService.app */,
			);
			name = Products;
			sourceTree = "<group>";
		};
		A19CDC0D264D01000047BB1A /* AnimalCompanionService */ = {
			isa = PBXGroup;
			children = (
				A19CDC0E264D01000047BB1A /* AppDelegate.swift */,
				A19CDC10264D01000047BB1A /* SceneDelegate.swift */,
				A19CDC12264D01000047BB1A /* ViewController.swift */,
				A19CDC14264D01000047BB1A /* Main.storyboard */,
				A19CDC17264D01010047BB1A /* Assets.xcassets */,
				A19CDC19264D01010047BB1A /* LaunchScreen.storyboard */,
				A19CDC1C264D01010047BB1A /* Info.plist */,
				A1DB9CD62650FFE7007E8C27 /* AnimalInfromationViewController.swift */,
				A1DB9CDD26510438007E8C27 /* MapViewController.swift */,
				A1DB9CE426514B12007E8C27 /* Animal.swift */,
				A1F40C612654DDD800C9C91C /* FindController.swift */,
			);
			path = AnimalCompanionService;
			sourceTree = "<group>";
		};
/* End PBXGroup section */

/* Begin PBXNativeTarget section */
		A19CDC0A264D01000047BB1A /* AnimalCompanionService */ = {
			isa = PBXNativeTarget;
			buildConfigurationList = A19CDC1F264D01010047BB1A /* Build configuration list for PBXNativeTarget "AnimalCompanionService" */;
			buildPhases = (
				A19CDC07264D01000047BB1A /* Sources */,
				A19CDC08264D01000047BB1A /* Frameworks */,
				A19CDC09264D01000047BB1A /* Resources */,
			);
			buildRules = (
			);
			dependencies = (
			);
			name = AnimalCompanionService;
			productName = AnimalCompanionService;
			productReference = A19CDC0B264D01000047BB1A /* AnimalCompanionService.app */;
			productType = "com.apple.product-type.application";
		};
/* End PBXNativeTarget section */

/* Begin PBXProject section */
		A19CDC03264D01000047BB1A /* Project object */ = {
			isa = PBXProject;
			attributes = {
				LastSwiftUpdateCheck = 1240;
				LastUpgradeCheck = 1240;
				TargetAttributes = {
					A19CDC0A264D01000047BB1A = {
						CreatedOnToolsVersion = 12.4;
					};
				};
			};
			buildConfigurationList = A19CDC06264D01000047BB1A /* Build configuration list for PBXProject "AnimalCompanionService" */;
			compatibilityVersion = "Xcode 9.3";
			developmentRegion = en;
			hasScannedForEncodings = 0;
			knownRegions = (
				en,
				Base,
			);
			mainGroup = A19CDC02264D01000047BB1A;
			productRefGroup = A19CDC0C264D01000047BB1A /* Products */;
			projectDirPath = "";
			projectRoot = "";
			targets = (
				A19CDC0A264D01000047BB1A /* AnimalCompanionService */,
			);
		};
/* End PBXProject section */

/* Begin PBXResourcesBuildPhase section */
		A19CDC09264D01000047BB1A /* Resources */ = {
			isa = PBXResourcesBuildPhase;
			buildActionMask = 2147483647;
			files = (
				A19CDC1B264D01010047BB1A /* LaunchScreen.storyboard in Resources */,
				A19CDC18264D01010047BB1A /* Assets.xcassets in Resources */,
				A19CDC16264D01000047BB1A /* Main.storyboard in Resources */,
			);
			runOnlyForDeploymentPostprocessing = 0;
		};
/* End PBXResourcesBuildPhase section */

/* Begin PBXSourcesBuildPhase section */
		A19CDC07264D01000047BB1A /* Sources */ = {
			isa = PBXSourcesBuildPhase;
			buildActionMask = 2147483647;
			files = (
				A19CDC13264D01000047BB1A /* ViewController.swift in Sources */,
				A19CDC0F264D01000047BB1A /* AppDelegate.swift in Sources */,
				A19CDC11264D01000047BB1A /* SceneDelegate.swift in Sources */,
				A1F40C622654DDD800C9C91C /* FindController.swift in Sources */,
				A1DB9CDE26510438007E8C27 /* MapViewController.swift in Sources */,
				A1DB9CD72650FFE7007E8C27 /* AnimalInfromationViewController.swift in Sources */,
				A1DB9CE526514B12007E8C27 /* Animal.swift in Sources */,
			);
			runOnlyForDeploymentPostprocessing = 0;
		};
/* End PBXSourcesBuildPhase section */

/* Begin PBXVariantGroup section */
		A19CDC14264D01000047BB1A /* Main.storyboard */ = {
			isa = PBXVariantGroup;
			children = (
				A19CDC15264D01000047BB1A /* Base */,
			);
			name = Main.storyboard;
			sourceTree = "<group>";
		};
		A19CDC19264D01010047BB1A /* LaunchScreen.storyboard */ = {
			isa = PBXVariantGroup;
			children = (
				A19CDC1A264D01010047BB1A /* Base */,
			);
			name = LaunchScreen.storyboard;
			sourceTree = "<group>";
		};
/* End PBXVariantGroup section */

/* Begin XCBuildConfiguration section */
		A19CDC1D264D01010047BB1A /* Debug */ = {
			isa = XCBuildConfiguration;
			buildSettings = {
				ALWAYS_SEARCH_USER_PATHS = NO;
				CLANG_ANALYZER_NONNULL = YES;
				CLANG_ANALYZER_NUMBER_OBJECT_CONVERSION = YES_AGGRESSIVE;
				CLANG_CXX_LANGUAGE_STANDARD = "gnu++14";
				CLANG_CXX_LIBRARY = "libc++";
				CLANG_ENABLE_MODULES = YES;
				CLANG_ENABLE_OBJC_ARC = YES;
				CLANG_ENABLE_OBJC_WEAK = YES;
				CLANG_WARN_BLOCK_CAPTURE_AUTORELEASING = YES;
				CLANG_WARN_BOOL_CONVERSION = YES;
				CLANG_WARN_COMMA = YES;
				CLANG_WARN_CONSTANT_CONVERSION = YES;
				CLANG_WARN_DEPRECATED_OBJC_IMPLEMENTATIONS = YES;
				CLANG_WARN_DIRECT_OBJC_ISA_USAGE = YES_ERROR;
				CLANG_WARN_DOCUMENTATION_COMMENTS = YES;
				CLANG_WARN_EMPTY_BODY = YES;
				CLANG_WARN_ENUM_CONVERSION = YES;
				CLANG_WARN_INFINITE_RECURSION = YES;
				CLANG_WARN_INT_CONVERSION = YES;
				CLANG_WARN_NON_LITERAL_NULL_CONVERSION = YES;
				CLANG_WARN_OBJC_IMPLICIT_RETAIN_SELF = YES;
				CLANG_WARN_OBJC_LITERAL_CONVERSION = YES;
				CLANG_WARN_OBJC_ROOT_CLASS = YES_ERROR;
				CLANG_WARN_QUOTED_INCLUDE_IN_FRAMEWORK_HEADER = YES;
				CLANG_WARN_RANGE_LOOP_ANALYSIS = YES;
				CLANG_WARN_STRICT_PROTOTYPES = YES;
				CLANG_WARN_SUSPICIOUS_MOVE = YES;
				CLANG_WARN_UNGUARDED_AVAILABILITY = YES_AGGRESSIVE;
				CLANG_WARN_UNREACHABLE_CODE = YES;
				CLANG_WARN__DUPLICATE_METHOD_MATCH = YES;
				COPY_PHASE_STRIP = NO;
				DEBUG_INFORMATION_FORMAT = dwarf;
				ENABLE_STRICT_OBJC_MSGSEND = YES;
				ENABLE_TESTABILITY = YES;
				GCC_C_LANGUAGE_STANDARD = gnu11;
				GCC_DYNAMIC_NO_PIC = NO;
				GCC_NO_COMMON_BLOCKS = YES;
				GCC_OPTIMIZATION_LEVEL = 0;
				GCC_PREPROCESSOR_DEFINITIONS = (
					"DEBUG=1",
					"$(inherited)",
				);
				GCC_WARN_64_TO_32_BIT_CONVERSION = YES;
				GCC_WARN_ABOUT_RETURN_TYPE = YES_ERROR;
				GCC_WARN_UNDECLARED_SELECTOR = YES;
				GCC_WARN_UNINITIALIZED_AUTOS = YES_AGGRESSIVE;
				GCC_WARN_UNUSED_FUNCTION = YES;
				GCC_WARN_UNUSED_VARIABLE = YES;
				IPHONEOS_DEPLOYMENT_TARGET = 14.4;
				MTL_ENABLE_DEBUG_INFO = INCLUDE_SOURCE;
				MTL_FAST_MATH = YES;
				ONLY_ACTIVE_ARCH = YES;
				SDKROOT = iphoneos;
				SWIFT_ACTIVE_COMPILATION_CONDITIONS = DEBUG;
				SWIFT_OPTIMIZATION_LEVEL = "-Onone";
			};
			name = Debug;
		};
		A19CDC1E264D01010047BB1A /* Release */ = {
			isa = XCBuildConfiguration;
			buildSettings = {
				ALWAYS_SEARCH_USER_PATHS = NO;
				CLANG_ANALYZER_NONNULL = YES;
				CLANG_ANALYZER_NUMBER_OBJECT_CONVERSION = YES_AGGRESSIVE;
				CLANG_CXX_LANGUAGE_STANDARD = "gnu++14";
				CLANG_CXX_LIBRARY = "libc++";
				CLANG_ENABLE_MODULES = YES;
				CLANG_ENABLE_OBJC_ARC = YES;
				CLANG_ENABLE_OBJC_WEAK = YES;
				CLANG_WARN_BLOCK_CAPTURE_AUTORELEASING = YES;
				CLANG_WARN_BOOL_CONVERSION = YES;
				CLANG_WARN_COMMA = YES;
				CLANG_WARN_CONSTANT_CONVERSION = YES;
				CLANG_WARN_DEPRECATED_OBJC_IMPLEMENTATIONS = YES;
				CLANG_WARN_DIRECT_OBJC_ISA_USAGE = YES_ERROR;
				CLANG_WARN_DOCUMENTATION_COMMENTS = YES;
				CLANG_WARN_EMPTY_BODY = YES;
				CLANG_WARN_ENUM_CONVERSION = YES;
				CLANG_WARN_INFINITE_RECURSION = YES;
				CLANG_WARN_INT_CONVERSION = YES;
				CLANG_WARN_NON_LITERAL_NULL_CONVERSION = YES;
				CLANG_WARN_OBJC_IMPLICIT_RETAIN_SELF = YES;
				CLANG_WARN_OBJC_LITERAL_CONVERSION = YES;
				CLANG_WARN_OBJC_ROOT_CLASS = YES_ERROR;
				CLANG_WARN_QUOTED_INCLUDE_IN_FRAMEWORK_HEADER = YES;
				CLANG_WARN_RANGE_LOOP_ANALYSIS = YES;
				CLANG_WARN_STRICT_PROTOTYPES = YES;
				CLANG_WARN_SUSPICIOUS_MOVE = YES;
				CLANG_WARN_UNGUARDED_AVAILABILITY = YES_AGGRESSIVE;
				CLANG_WARN_UNREACHABLE_CODE = YES;
				CLANG_WARN__DUPLICATE_METHOD_MATCH = YES;
				COPY_PHASE_STRIP = NO;
				DEBUG_INFORMATION_FORMAT = "dwarf-with-dsym";
				ENABLE_NS_ASSERTIONS = NO;
				ENABLE_STRICT_OBJC_MSGSEND = YES;
				GCC_C_LANGUAGE_STANDARD = gnu11;
				GCC_NO_COMMON_BLOCKS = YES;
				GCC_WARN_64_TO_32_BIT_CONVERSION = YES;
				GCC_WARN_ABOUT_RETURN_TYPE = YES_ERROR;
				GCC_WARN_UNDECLARED_SELECTOR = YES;
				GCC_WARN_UNINITIALIZED_AUTOS = YES_AGGRESSIVE;
				GCC_WARN_UNUSED_FUNCTION = YES;
				GCC_WARN_UNUSED_VARIABLE = YES;
				IPHONEOS_DEPLOYMENT_TARGET = 14.4;
				MTL_ENABLE_DEBUG_INFO = NO;
				MTL_FAST_MATH = YES;
				SDKROOT = iphoneos;
				SWIFT_COMPILATION_MODE = wholemodule;
				SWIFT_OPTIMIZATION_LEVEL = "-O";
				VALIDATE_PRODUCT = YES;
			};
			name = Release;
		};
		A19CDC20264D01010047BB1A /* Debug */ = {
			isa = XCBuildConfiguration;
			buildSettings = {
				ASSETCATALOG_COMPILER_APPICON_NAME = AppIcon;
				ASSETCATALOG_COMPILER_GLOBAL_ACCENT_COLOR_NAME = AccentColor;
				CODE_SIGN_STYLE = Automatic;
				DEVELOPMENT_TEAM = F3SL4G4233;
				INFOPLIST_FILE = AnimalCompanionService/Info.plist;
				LD_RUNPATH_SEARCH_PATHS = (
					"$(inherited)",
					"@executable_path/Frameworks",
				);
				PRODUCT_BUNDLE_IDENTIFIER = junseo.2020Class.AnimalCompanionService;
				PRODUCT_NAME = "$(TARGET_NAME)";
				SWIFT_VERSION = 5.0;
				TARGETED_DEVICE_FAMILY = "1,2";
			};
			name = Debug;
		};
		A19CDC21264D01010047BB1A /* Release */ = {
			isa = XCBuildConfiguration;
			buildSettings = {
				ASSETCATALOG_COMPILER_APPICON_NAME = AppIcon;
				ASSETCATALOG_COMPILER_GLOBAL_ACCENT_COLOR_NAME = AccentColor;
				CODE_SIGN_STYLE = Automatic;
				DEVELOPMENT_TEAM = F3SL4G4233;
				INFOPLIST_FILE = AnimalCompanionService/Info.plist;
				LD_RUNPATH_SEARCH_PATHS = (
					"$(inherited)",
					"@executable_path/Frameworks",
				);
				PRODUCT_BUNDLE_IDENTIFIER = junseo.2020Class.AnimalCompanionService;
				PRODUCT_NAME = "$(TARGET_NAME)";
				SWIFT_VERSION = 5.0;
				TARGETED_DEVICE_FAMILY = "1,2";
			};
			name = Release;
		};
/* End XCBuildConfiguration section */

/* Begin XCConfigurationList section */
		A19CDC06264D01000047BB1A /* Build configuration list for PBXProject "AnimalCompanionService" */ = {
			isa = XCConfigurationList;
			buildConfigurations = (
				A19CDC1D264D01010047BB1A /* Debug */,
				A19CDC1E264D01010047BB1A /* Release */,
			);
			defaultConfigurationIsVisible = 0;
			defaultConfigurationName = Release;
		};
		A19CDC1F264D01010047BB1A /* Build configuration list for PBXNativeTarget "AnimalCompanionService" */ = {
			isa = XCConfigurationList;
			buildConfigurations = (
				A19CDC20264D01010047BB1A /* Debug */,
				A19CDC21264D01010047BB1A /* Release */,
			);
			defaultConfigurationIsVisible = 0;
			defaultConfigurationName = Release;
		};
/* End XCConfigurationList section */
	};
	rootObject = A19CDC03264D01000047BB1A /* Project object */;
}
